
Microsoft Visual Studio Solution File, Format Version 12.00
# Visual Studio Version 16
VisualStudioVersion = 16.0.31205.134
MinimumVisualStudioVersion = 10.0.40219.1
Project("{FAE04EC0-301F-11D3-BF4B-00C04F79EFBC}") = "triangulo.consoleApp", "triangulo.consoleApp\triangulo.consoleApp.csproj", "{94A2CE59-AA70-48C0-ACC4-E9DF2FE74629}"
EndProject
Global
	GlobalSection(SolutionConfigurationPlatforms) = preSolution
		Debug|Any CPU = Debug|Any CPU
		Release|Any CPU = Release|Any CPU
	EndGlobalSection
	GlobalSection(ProjectConfigurationPlatforms) = postSolution
		{94A2CE59-AA70-48C0-ACC4-E9DF2FE74629}.Debug|Any CPU.ActiveCfg = Debug|Any CPU
		{94A2CE59-AA70-48C0-ACC4-E9DF2FE74629}.Debug|Any CPU.Build.0 = Debug|Any CPU
		{94A2CE59-AA70-48C0-ACC4-E9DF2FE74629}.Release|Any CPU.ActiveCfg = Release|Any CPU
		{94A2CE59-AA70-48C0-ACC4-E9DF2FE74629}.Release|Any CPU.Build.0 = Release|Any CPU
	EndGlobalSection
	GlobalSection(SolutionProperties) = preSolution
		HideSolutionNode = FALSE
	EndGlobalSection
	GlobalSection(ExtensibilityGlobals) = postSolution
		SolutionGuid = {F3BD26BA-F1DE-4079-AE1B-08AD55526FCE}
	EndGlobalSection
EndGlobal
